<?xml version="1.0" encoding="utf-8"?>
<Project ToolsVersion="4.0" xmlns="http://schemas.microsoft.com/developer/msbuild/2003">
  <ItemGroup>
    <Filter Include="소스 파일">
      <UniqueIdentifier>{4FC737F1-C7A5-4376-A066-2A32D752A2FF}</UniqueIdentifier>
      <Extensions>cpp;c;cc;cxx;c++;cppm;ixx;def;odl;idl;hpj;bat;asm;asmx</Extensions>
    </Filter>
    <Filter Include="헤더 파일">
      <UniqueIdentifier>{93995380-89BD-4b04-88EB-625FBE52EBFB}</UniqueIdentifier>
      <Extensions>h;hh;hpp;hxx;h++;hm;inl;inc;ipp;xsd</Extensions>
    </Filter>
    <Filter Include="리소스 파일">
      <UniqueIdentifier>{67DA6AB6-F800-4c08-8B7A-83BB121AAD01}</UniqueIdentifier>
      <Extensions>rc;ico;cur;bmp;dlg;rc2;rct;bin;rgs;gif;jpg;jpeg;jpe;resx;tiff;tif;png;wav;mfcribbon-ms</Extensions>
    </Filter>
    <Filter Include="라이브러리">
      <UniqueIdentifier>{220dda72-30b4-4b60-9319-2ffcb78d65c7}</UniqueIdentifier>
    </Filter>
    <Filter Include="라이브러리\hde">
      <UniqueIdentifier>{d3f48af2-1d77-4613-ae06-b4a600e781e2}</UniqueIdentifier>
    </Filter>
  </ItemGroup>
  <ItemGroup>
    <ClInclude Include="framework.h">
      <Filter>헤더 파일</Filter>
    </ClInclude>
    <ClInclude Include="pch.h">
      <Filter>헤더 파일</Filter>
    </ClInclude>
    <ClInclude Include="..\util\hde\hde32.h">
      <Filter>라이브러리\hde</Filter>
    </ClInclude>
    <ClInclude Include="..\util\hde\hde64.h">
      <Filter>라이브러리\hde</Filter>
    </ClInclude>
    <ClInclude Include="..\util\hde\pstdint.h">
      <Filter>라이브러리\hde</Filter>
    </ClInclude>
    <ClInclude Include="..\util\hde\table32.h">
      <Filter>라이브러리\hde</Filter>
    </ClInclude>
    <ClInclude Include="..\util\hde\table64.h">
      <Filter>라이브러리\hde</Filter>
    </ClInclude>
  </ItemGroup>
  <ItemGroup>
    <ClCompile Include="dllmain.cpp">
      <Filter>소스 파일</Filter>
    </ClCompile>
    <ClCompile Include="..\util\hde\hde32.c">
      <Filter>라이브러리\hde</Filter>
    </ClCompile>
    <ClCompile Include="..\util\hde\hde64.c">
      <Filter>라이브러리\hde</Filter>
    </ClCompile>
  </ItemGroup>
</Project>